
Microsoft Visual Studio Solution File, Format Version 12.00
# Visual Studio Version 17
VisualStudioVersion = 17.1.32319.34
MinimumVisualStudioVersion = 10.0.40219.1
Project("{9A19103F-16F7-4668-BE54-9A1E7A4F7556}") = "Chess", "Chess\Chess.csproj", "{06A22335-EA86-4818-A2EB-0B7EE1FC483E}"
EndProject
Project("{9A19103F-16F7-4668-BE54-9A1E7A4F7556}") = "Chess.Models", "Chess.Models\Chess.Models.csproj", "{482C5197-2155-4626-99FF-CC6E2ADE0DA0}"
EndProject
Project("{2150E333-8FDC-42A3-9474-1A3956D46DE8}") = "AccessLayers", "AccessLayers", "{85FC560F-7C04-4BCB-83BE-B451CCD770E3}"
EndProject
Project("{9A19103F-16F7-4668-BE54-9A1E7A4F7556}") = "Chess.WPF", "Chess.WPF\Chess.WPF.csproj", "{978A9073-1591-485A-9378-AF08E6F6FD66}"
EndProject
Project("{9A19103F-16F7-4668-BE54-9A1E7A4F7556}") = "Chess.API", "Chess.API\Chess.API.csproj", "{1037DE56-53FC-4D02-B4AB-780F4EE70AC0}"
EndProject
Global
	GlobalSection(SolutionConfigurationPlatforms) = preSolution
		Debug|Any CPU = Debug|Any CPU
		Release|Any CPU = Release|Any CPU
	EndGlobalSection
	GlobalSection(ProjectConfigurationPlatforms) = postSolution
		{06A22335-EA86-4818-A2EB-0B7EE1FC483E}.Debug|Any CPU.ActiveCfg = Debug|Any CPU
		{06A22335-EA86-4818-A2EB-0B7EE1FC483E}.Debug|Any CPU.Build.0 = Debug|Any CPU
		{06A22335-EA86-4818-A2EB-0B7EE1FC483E}.Release|Any CPU.ActiveCfg = Release|Any CPU
		{06A22335-EA86-4818-A2EB-0B7EE1FC483E}.Release|Any CPU.Build.0 = Release|Any CPU
		{482C5197-2155-4626-99FF-CC6E2ADE0DA0}.Debug|Any CPU.ActiveCfg = Debug|Any CPU
		{482C5197-2155-4626-99FF-CC6E2ADE0DA0}.Debug|Any CPU.Build.0 = Debug|Any CPU
		{482C5197-2155-4626-99FF-CC6E2ADE0DA0}.Release|Any CPU.ActiveCfg = Release|Any CPU
		{482C5197-2155-4626-99FF-CC6E2ADE0DA0}.Release|Any CPU.Build.0 = Release|Any CPU
		{978A9073-1591-485A-9378-AF08E6F6FD66}.Debug|Any CPU.ActiveCfg = Debug|Any CPU
		{978A9073-1591-485A-9378-AF08E6F6FD66}.Debug|Any CPU.Build.0 = Debug|Any CPU
		{978A9073-1591-485A-9378-AF08E6F6FD66}.Release|Any CPU.ActiveCfg = Release|Any CPU
		{978A9073-1591-485A-9378-AF08E6F6FD66}.Release|Any CPU.Build.0 = Release|Any CPU
		{1037DE56-53FC-4D02-B4AB-780F4EE70AC0}.Debug|Any CPU.ActiveCfg = Debug|Any CPU
		{1037DE56-53FC-4D02-B4AB-780F4EE70AC0}.Debug|Any CPU.Build.0 = Debug|Any CPU
		{1037DE56-53FC-4D02-B4AB-780F4EE70AC0}.Release|Any CPU.ActiveCfg = Release|Any CPU
		{1037DE56-53FC-4D02-B4AB-780F4EE70AC0}.Release|Any CPU.Build.0 = Release|Any CPU
	EndGlobalSection
	GlobalSection(SolutionProperties) = preSolution
		HideSolutionNode = FALSE
	EndGlobalSection
	GlobalSection(NestedProjects) = preSolution
		{978A9073-1591-485A-9378-AF08E6F6FD66} = {85FC560F-7C04-4BCB-83BE-B451CCD770E3}
		{1037DE56-53FC-4D02-B4AB-780F4EE70AC0} = {85FC560F-7C04-4BCB-83BE-B451CCD770E3}
	EndGlobalSection
	GlobalSection(ExtensibilityGlobals) = postSolution
		SolutionGuid = {7105B102-FE31-4795-AEB9-263FCC1215CD}
	EndGlobalSection
EndGlobal
